
Microsoft Visual Studio Solution File, Format Version 12.00
# Visual Studio Version 16
VisualStudioVersion = 16.0.31515.178
MinimumVisualStudioVersion = 10.0.40219.1
Project("{9A19103F-16F7-4668-BE54-9A1E7A4F7556}") = "ChessAIForms", "ChessAIForms\ChessAIForms.csproj", "{EDD10D12-40E3-451A-A78F-CB9C20DB55B8}"
EndProject
Project("{FAE04EC0-301F-11D3-BF4B-00C04F79EFBC}") = "TestBoard", "TestBoard\TestBoard.csproj", "{9EA7F0B0-B40F-4927-8829-0A05BCD3D539}"
EndProject
Global
	GlobalSection(SolutionConfigurationPlatforms) = preSolution
		Debug|Any CPU = Debug|Any CPU
		Release|Any CPU = Release|Any CPU
	EndGlobalSection
	GlobalSection(ProjectConfigurationPlatforms) = postSolution
		{EDD10D12-40E3-451A-A78F-CB9C20DB55B8}.Debug|Any CPU.ActiveCfg = Debug|Any CPU
		{EDD10D12-40E3-451A-A78F-CB9C20DB55B8}.Debug|Any CPU.Build.0 = Debug|Any CPU
		{EDD10D12-40E3-451A-A78F-CB9C20DB55B8}.Release|Any CPU.ActiveCfg = Release|Any CPU
		{EDD10D12-40E3-451A-A78F-CB9C20DB55B8}.Release|Any CPU.Build.0 = Release|Any CPU
		{9EA7F0B0-B40F-4927-8829-0A05BCD3D539}.Debug|Any CPU.ActiveCfg = Debug|Any CPU
		{9EA7F0B0-B40F-4927-8829-0A05BCD3D539}.Debug|Any CPU.Build.0 = Debug|Any CPU
		{9EA7F0B0-B40F-4927-8829-0A05BCD3D539}.Release|Any CPU.ActiveCfg = Release|Any CPU
		{9EA7F0B0-B40F-4927-8829-0A05BCD3D539}.Release|Any CPU.Build.0 = Release|Any CPU
	EndGlobalSection
	GlobalSection(SolutionProperties) = preSolution
		HideSolutionNode = FALSE
	EndGlobalSection
	GlobalSection(ExtensibilityGlobals) = postSolution
		SolutionGuid = {7E652205-DD4B-4581-BD78-B51FA03050F3}
	EndGlobalSection
EndGlobal
